
Microsoft Visual Studio Solution File, Format Version 12.00
# Visual Studio Version 17
VisualStudioVersion = 17.10.35122.118
MinimumVisualStudioVersion = 10.0.40219.1
Project("{FAE04EC0-301F-11D3-BF4B-00C04F79EFBC}") = "ForLoopArray", "ForLoopArray\ForLoopArray.csproj", "{5089BFDA-4DB6-4AFB-8174-932C6A8EBA02}"
EndProject
Global
	GlobalSection(SolutionConfigurationPlatforms) = preSolution
		Debug|Any CPU = Debug|Any CPU
		Release|Any CPU = Release|Any CPU
	EndGlobalSection
	GlobalSection(ProjectConfigurationPlatforms) = postSolution
		{5089BFDA-4DB6-4AFB-8174-932C6A8EBA02}.Debug|Any CPU.ActiveCfg = Debug|Any CPU
		{5089BFDA-4DB6-4AFB-8174-932C6A8EBA02}.Debug|Any CPU.Build.0 = Debug|Any CPU
		{5089BFDA-4DB6-4AFB-8174-932C6A8EBA02}.Release|Any CPU.ActiveCfg = Release|Any CPU
		{5089BFDA-4DB6-4AFB-8174-932C6A8EBA02}.Release|Any CPU.Build.0 = Release|Any CPU
	EndGlobalSection
	GlobalSection(SolutionProperties) = preSolution
		HideSolutionNode = FALSE
	EndGlobalSection
	GlobalSection(ExtensibilityGlobals) = postSolution
		SolutionGuid = {8C4E76E1-1F92-4F51-AB41-EC3940F012CA}
	EndGlobalSection
EndGlobal
