
Microsoft Visual Studio Solution File, Format Version 12.00
# Visual Studio Version 17
VisualStudioVersion = 17.10.35122.118
MinimumVisualStudioVersion = 10.0.40219.1
Project("{FAE04EC0-301F-11D3-BF4B-00C04F79EFBC}") = "ConsoleAppTest", "ConsoleAppTest.csproj", "{C38659E0-707A-4092-9DA0-0E106B157D7E}"
EndProject
Global
	GlobalSection(SolutionConfigurationPlatforms) = preSolution
		Debug|Any CPU = Debug|Any CPU
		Release|Any CPU = Release|Any CPU
	EndGlobalSection
	GlobalSection(ProjectConfigurationPlatforms) = postSolution
		{C38659E0-707A-4092-9DA0-0E106B157D7E}.Debug|Any CPU.ActiveCfg = Debug|Any CPU
		{C38659E0-707A-4092-9DA0-0E106B157D7E}.Debug|Any CPU.Build.0 = Debug|Any CPU
		{C38659E0-707A-4092-9DA0-0E106B157D7E}.Release|Any CPU.ActiveCfg = Release|Any CPU
		{C38659E0-707A-4092-9DA0-0E106B157D7E}.Release|Any CPU.Build.0 = Release|Any CPU
	EndGlobalSection
	GlobalSection(SolutionProperties) = preSolution
		HideSolutionNode = FALSE
	EndGlobalSection
	GlobalSection(ExtensibilityGlobals) = postSolution
		SolutionGuid = {04372E28-1E34-4946-A798-48E51FC89AFB}
	EndGlobalSection
EndGlobal
