
Microsoft Visual Studio Solution File, Format Version 12.00
# Visual Studio Version 17
VisualStudioVersion = 17.10.35122.118
MinimumVisualStudioVersion = 10.0.40219.1
Project("{FAE04EC0-301F-11D3-BF4B-00C04F79EFBC}") = "DayOfWeek", "DayOfWeek.csproj", "{FAADE9EA-34DD-40DA-8116-898A2CAC016D}"
EndProject
Global
	GlobalSection(SolutionConfigurationPlatforms) = preSolution
		Debug|Any CPU = Debug|Any CPU
		Release|Any CPU = Release|Any CPU
	EndGlobalSection
	GlobalSection(ProjectConfigurationPlatforms) = postSolution
		{FAADE9EA-34DD-40DA-8116-898A2CAC016D}.Debug|Any CPU.ActiveCfg = Debug|Any CPU
		{FAADE9EA-34DD-40DA-8116-898A2CAC016D}.Debug|Any CPU.Build.0 = Debug|Any CPU
		{FAADE9EA-34DD-40DA-8116-898A2CAC016D}.Release|Any CPU.ActiveCfg = Release|Any CPU
		{FAADE9EA-34DD-40DA-8116-898A2CAC016D}.Release|Any CPU.Build.0 = Release|Any CPU
	EndGlobalSection
	GlobalSection(SolutionProperties) = preSolution
		HideSolutionNode = FALSE
	EndGlobalSection
	GlobalSection(ExtensibilityGlobals) = postSolution
		SolutionGuid = {ACDD5C40-A2C4-4BA7-8DA5-36F2A6C99C45}
	EndGlobalSection
EndGlobal
