
Microsoft Visual Studio Solution File, Format Version 12.00
# Visual Studio Version 17
VisualStudioVersion = 17.10.35122.118
MinimumVisualStudioVersion = 10.0.40219.1
Project("{FAE04EC0-301F-11D3-BF4B-00C04F79EFBC}") = "KujundiKalkulaator", "KujundiKalkulaator\KujundiKalkulaator.csproj", "{5FCEF8E1-F04A-45CE-9109-ED5B6107D209}"
EndProject
Global
	GlobalSection(SolutionConfigurationPlatforms) = preSolution
		Debug|Any CPU = Debug|Any CPU
		Release|Any CPU = Release|Any CPU
	EndGlobalSection
	GlobalSection(ProjectConfigurationPlatforms) = postSolution
		{5FCEF8E1-F04A-45CE-9109-ED5B6107D209}.Debug|Any CPU.ActiveCfg = Debug|Any CPU
		{5FCEF8E1-F04A-45CE-9109-ED5B6107D209}.Debug|Any CPU.Build.0 = Debug|Any CPU
		{5FCEF8E1-F04A-45CE-9109-ED5B6107D209}.Release|Any CPU.ActiveCfg = Release|Any CPU
		{5FCEF8E1-F04A-45CE-9109-ED5B6107D209}.Release|Any CPU.Build.0 = Release|Any CPU
	EndGlobalSection
	GlobalSection(SolutionProperties) = preSolution
		HideSolutionNode = FALSE
	EndGlobalSection
	GlobalSection(ExtensibilityGlobals) = postSolution
		SolutionGuid = {5A3B0C17-3162-43A2-9767-FF3141195FAA}
	EndGlobalSection
EndGlobal
