
Microsoft Visual Studio Solution File, Format Version 12.00
# Visual Studio Version 17
VisualStudioVersion = 17.10.35122.118
MinimumVisualStudioVersion = 10.0.40219.1
Project("{FAE04EC0-301F-11D3-BF4B-00C04F79EFBC}") = "ForEachInEveryWay", "ForEachInEveryWay\ForEachInEveryWay.csproj", "{D92189B2-4CC3-434D-B83A-7DB23B1EAECB}"
EndProject
Global
	GlobalSection(SolutionConfigurationPlatforms) = preSolution
		Debug|Any CPU = Debug|Any CPU
		Release|Any CPU = Release|Any CPU
	EndGlobalSection
	GlobalSection(ProjectConfigurationPlatforms) = postSolution
		{D92189B2-4CC3-434D-B83A-7DB23B1EAECB}.Debug|Any CPU.ActiveCfg = Debug|Any CPU
		{D92189B2-4CC3-434D-B83A-7DB23B1EAECB}.Debug|Any CPU.Build.0 = Debug|Any CPU
		{D92189B2-4CC3-434D-B83A-7DB23B1EAECB}.Release|Any CPU.ActiveCfg = Release|Any CPU
		{D92189B2-4CC3-434D-B83A-7DB23B1EAECB}.Release|Any CPU.Build.0 = Release|Any CPU
	EndGlobalSection
	GlobalSection(SolutionProperties) = preSolution
		HideSolutionNode = FALSE
	EndGlobalSection
	GlobalSection(ExtensibilityGlobals) = postSolution
		SolutionGuid = {7AC50F6A-8C8B-4BD6-9F77-FD0CC0CE44DD}
	EndGlobalSection
EndGlobal
