
Microsoft Visual Studio Solution File, Format Version 12.00
# Visual Studio Version 17
VisualStudioVersion = 17.10.35122.118
MinimumVisualStudioVersion = 10.0.40219.1
Project("{FAE04EC0-301F-11D3-BF4B-00C04F79EFBC}") = "IFElseW51N", "IFElseW51N.csproj", "{B7A7C9F1-DCE6-4832-B233-CE494E85151A}"
EndProject
Global
	GlobalSection(SolutionConfigurationPlatforms) = preSolution
		Debug|Any CPU = Debug|Any CPU
		Release|Any CPU = Release|Any CPU
	EndGlobalSection
	GlobalSection(ProjectConfigurationPlatforms) = postSolution
		{B7A7C9F1-DCE6-4832-B233-CE494E85151A}.Debug|Any CPU.ActiveCfg = Debug|Any CPU
		{B7A7C9F1-DCE6-4832-B233-CE494E85151A}.Debug|Any CPU.Build.0 = Debug|Any CPU
		{B7A7C9F1-DCE6-4832-B233-CE494E85151A}.Release|Any CPU.ActiveCfg = Release|Any CPU
		{B7A7C9F1-DCE6-4832-B233-CE494E85151A}.Release|Any CPU.Build.0 = Release|Any CPU
	EndGlobalSection
	GlobalSection(SolutionProperties) = preSolution
		HideSolutionNode = FALSE
	EndGlobalSection
	GlobalSection(ExtensibilityGlobals) = postSolution
		SolutionGuid = {C0BE402F-7836-443B-9920-27BB52DF7C64}
	EndGlobalSection
EndGlobal
