
Microsoft Visual Studio Solution File, Format Version 12.00
# Visual Studio Version 17
VisualStudioVersion = 17.10.35122.118
MinimumVisualStudioVersion = 10.0.40219.1
Project("{FAE04EC0-301F-11D3-BF4B-00C04F79EFBC}") = "IfAndElse", "IfAndElse.csproj", "{4DB66F07-F091-47BB-942C-8FC4C888E555}"
EndProject
Global
	GlobalSection(SolutionConfigurationPlatforms) = preSolution
		Debug|Any CPU = Debug|Any CPU
		Release|Any CPU = Release|Any CPU
	EndGlobalSection
	GlobalSection(ProjectConfigurationPlatforms) = postSolution
		{4DB66F07-F091-47BB-942C-8FC4C888E555}.Debug|Any CPU.ActiveCfg = Debug|Any CPU
		{4DB66F07-F091-47BB-942C-8FC4C888E555}.Debug|Any CPU.Build.0 = Debug|Any CPU
		{4DB66F07-F091-47BB-942C-8FC4C888E555}.Release|Any CPU.ActiveCfg = Release|Any CPU
		{4DB66F07-F091-47BB-942C-8FC4C888E555}.Release|Any CPU.Build.0 = Release|Any CPU
	EndGlobalSection
	GlobalSection(SolutionProperties) = preSolution
		HideSolutionNode = FALSE
	EndGlobalSection
	GlobalSection(ExtensibilityGlobals) = postSolution
		SolutionGuid = {450F5AB8-76FA-46F3-A4D7-B238F62E3493}
	EndGlobalSection
EndGlobal
